
Microsoft Visual Studio Solution File, Format Version 12.00
# Visual Studio Version 17
VisualStudioVersion = 17.13.35806.99
MinimumVisualStudioVersion = 10.0.40219.1
Project("{9A19103F-16F7-4668-BE54-9A1E7A4F7556}") = "CodeAlchemy.API", "src\CodeAlchemy.API\CodeAlchemy.API.csproj", "{B638EF2B-EB71-DA03-8627-9B9316809473}"
EndProject
Project("{9A19103F-16F7-4668-BE54-9A1E7A4F7556}") = "CodeAlchemy.Core", "src\CodeAlchemy.Core\CodeAlchemy.Core.csproj", "{859454E3-A8BD-0219-BC44-BAC31E220F38}"
EndProject
Project("{9A19103F-16F7-4668-BE54-9A1E7A4F7556}") = "CodeAlchemy.Web", "src\CodeAlchemy.Web\CodeAlchemy.Web.csproj", "{36B9ED85-6B88-4264-B268-F5F7B6F6D51B}"
EndProject
Global
	GlobalSection(SolutionConfigurationPlatforms) = preSolution
		Debug|Any CPU = Debug|Any CPU
		Release|Any CPU = Release|Any CPU
	EndGlobalSection
	GlobalSection(ProjectConfigurationPlatforms) = postSolution
		{B638EF2B-EB71-DA03-8627-9B9316809473}.Debug|Any CPU.ActiveCfg = Debug|Any CPU
		{B638EF2B-EB71-DA03-8627-9B9316809473}.Debug|Any CPU.Build.0 = Debug|Any CPU
		{B638EF2B-EB71-DA03-8627-9B9316809473}.Release|Any CPU.ActiveCfg = Release|Any CPU
		{B638EF2B-EB71-DA03-8627-9B9316809473}.Release|Any CPU.Build.0 = Release|Any CPU
		{859454E3-A8BD-0219-BC44-BAC31E220F38}.Debug|Any CPU.ActiveCfg = Debug|Any CPU
		{859454E3-A8BD-0219-BC44-BAC31E220F38}.Debug|Any CPU.Build.0 = Debug|Any CPU
		{859454E3-A8BD-0219-BC44-BAC31E220F38}.Release|Any CPU.ActiveCfg = Release|Any CPU
		{859454E3-A8BD-0219-BC44-BAC31E220F38}.Release|Any CPU.Build.0 = Release|Any CPU
		{36B9ED85-6B88-4264-B268-F5F7B6F6D51B}.Debug|Any CPU.ActiveCfg = Debug|Any CPU
		{36B9ED85-6B88-4264-B268-F5F7B6F6D51B}.Debug|Any CPU.Build.0 = Debug|Any CPU
		{36B9ED85-6B88-4264-B268-F5F7B6F6D51B}.Release|Any CPU.ActiveCfg = Release|Any CPU
		{36B9ED85-6B88-4264-B268-F5F7B6F6D51B}.Release|Any CPU.Build.0 = Release|Any CPU
	EndGlobalSection
	GlobalSection(SolutionProperties) = preSolution
		HideSolutionNode = FALSE
	EndGlobalSection
	GlobalSection(ExtensibilityGlobals) = postSolution
		SolutionGuid = {9D72CB66-B2D7-4483-9D57-5C626C0F85B8}
	EndGlobalSection
EndGlobal
